
Microsoft Visual Studio Solution File, Format Version 12.00
# Visual Studio Version 16
VisualStudioVersion = 16.0.31729.503
MinimumVisualStudioVersion = 10.0.40219.1
Project("{9A19103F-16F7-4668-BE54-9A1E7A4F7556}") = "RssLibrary", "RssLibrary.csproj", "{31599394-2A7E-4B6B-97F5-A307D6DFF7F8}"
EndProject
Global
	GlobalSection(SolutionConfigurationPlatforms) = preSolution
		Debug|Any CPU = Debug|Any CPU
		Release|Any CPU = Release|Any CPU
	EndGlobalSection
	GlobalSection(ProjectConfigurationPlatforms) = postSolution
		{31599394-2A7E-4B6B-97F5-A307D6DFF7F8}.Debug|Any CPU.ActiveCfg = Debug|Any CPU
		{31599394-2A7E-4B6B-97F5-A307D6DFF7F8}.Debug|Any CPU.Build.0 = Debug|Any CPU
		{31599394-2A7E-4B6B-97F5-A307D6DFF7F8}.Release|Any CPU.ActiveCfg = Release|Any CPU
		{31599394-2A7E-4B6B-97F5-A307D6DFF7F8}.Release|Any CPU.Build.0 = Release|Any CPU
	EndGlobalSection
	GlobalSection(SolutionProperties) = preSolution
		HideSolutionNode = FALSE
	EndGlobalSection
	GlobalSection(ExtensibilityGlobals) = postSolution
		SolutionGuid = {69873805-35DB-4E70-8D19-FAA23709E693}
	EndGlobalSection
EndGlobal
